// !$*UTF8*$!
{
	archiveVersion = 1;
	classes = {
	};
	objectVersion = 46;
	objects = {

/* Begin PBXBuildFile section */
		18A5645D1DFA91E400652FEB /* partition.cpp in Sources */ = {isa = PBXBuildFile; fileRef = 18A5645B1DFA91E400652FEB /* partition.cpp */; };
		18A5645F1DFC20CD00652FEB /* Images.xcassets in Resources */ = {isa = PBXBuildFile; fileRef = 18A5645E1DFC20CD00652FEB /* Images.xcassets */; };
		1AA4C68ACCADBD2C1C0AB68E /* Pods_SwiftStitch.framework in Frameworks */ = {isa = PBXBuildFile; fileRef = 4A2C9BDE1475690699F1660C /* Pods_SwiftStitch.framework */; };
		AB7D8E7A193E928E0059EE63 /* UIImage+OpenCV.mm in Sources */ = {isa = PBXBuildFile; fileRef = AB7D8E79193E928E0059EE63 /* UIImage+OpenCV.mm */; };
		AB7D8E7D193E92B80059EE63 /* CVWrapper.mm in Sources */ = {isa = PBXBuildFile; fileRef = AB7D8E7C193E92B80059EE63 /* CVWrapper.mm */; };
		AB896A88193E8E830018B9EC /* AppDelegate.swift in Sources */ = {isa = PBXBuildFile; fileRef = AB896A87193E8E830018B9EC /* AppDelegate.swift */; };
		AB896A8A193E8E830018B9EC /* SwViewController.swift in Sources */ = {isa = PBXBuildFile; fileRef = AB896A89193E8E830018B9EC /* SwViewController.swift */; };
		AB896A8D193E8E830018B9EC /* Main.storyboard in Resources */ = {isa = PBXBuildFile; fileRef = AB896A8B193E8E830018B9EC /* Main.storyboard */; };
		ABAA668D1BD420BE00BD6A45 /* UIImage+Rotate.m in Sources */ = {isa = PBXBuildFile; fileRef = ABAA668C1BD420BE00BD6A45 /* UIImage+Rotate.m */; };
/* End PBXBuildFile section */

/* Begin PBXFileReference section */
		18A5645B1DFA91E400652FEB /* partition.cpp */ = {isa = PBXFileReference; fileEncoding = 4; lastKnownFileType = sourcecode.cpp.cpp; name = partition.cpp; path = ../partition.cpp; sourceTree = "<group>"; };
		18A5645C1DFA91E400652FEB /* partition.hpp */ = {isa = PBXFileReference; fileEncoding = 4; lastKnownFileType = sourcecode.cpp.h; name = partition.hpp; path = ../partition.hpp; sourceTree = "<group>"; };
		18A5645E1DFC20CD00652FEB /* Images.xcassets */ = {isa = PBXFileReference; lastKnownFileType = folder.assetcatalog; path = Images.xcassets; sourceTree = "<group>"; };
		4A2C9BDE1475690699F1660C /* Pods_SwiftStitch.framework */ = {isa = PBXFileReference; explicitFileType = wrapper.framework; includeInIndex = 0; path = Pods_SwiftStitch.framework; sourceTree = BUILT_PRODUCTS_DIR; };
		64D97B5AA7E281F7F1AFE742 /* Pods-SwiftStitch.release.xcconfig */ = {isa = PBXFileReference; includeInIndex = 1; lastKnownFileType = text.xcconfig; name = "Pods-SwiftStitch.release.xcconfig"; path = "Pods/Target Support Files/Pods-SwiftStitch/Pods-SwiftStitch.release.xcconfig"; sourceTree = "<group>"; };
		AB6D1AEE193F9B6600F8B0F5 /* README.markdown */ = {isa = PBXFileReference; fileEncoding = 4; lastKnownFileType = net.daringfireball.markdown; path = README.markdown; sourceTree = "<group>"; };
		AB7D8E77193E928D0059EE63 /* SwiftStitch-Bridging-Header.h */ = {isa = PBXFileReference; lastKnownFileType = sourcecode.c.h; path = "SwiftStitch-Bridging-Header.h"; sourceTree = "<group>"; };
		AB7D8E78193E928E0059EE63 /* UIImage+OpenCV.h */ = {isa = PBXFileReference; fileEncoding = 4; lastKnownFileType = sourcecode.c.h; path = "UIImage+OpenCV.h"; sourceTree = "<group>"; };
		AB7D8E79193E928E0059EE63 /* UIImage+OpenCV.mm */ = {isa = PBXFileReference; fileEncoding = 4; lastKnownFileType = sourcecode.cpp.objcpp; path = "UIImage+OpenCV.mm"; sourceTree = "<group>"; };
		AB7D8E7B193E92B80059EE63 /* CVWrapper.h */ = {isa = PBXFileReference; fileEncoding = 4; lastKnownFileType = sourcecode.c.h; path = CVWrapper.h; sourceTree = "<group>"; };
		AB7D8E7C193E92B80059EE63 /* CVWrapper.mm */ = {isa = PBXFileReference; fileEncoding = 4; lastKnownFileType = sourcecode.cpp.objcpp; path = CVWrapper.mm; sourceTree = "<group>"; };
		AB7D8E83193F33B40059EE63 /* libz.dylib */ = {isa = PBXFileReference; lastKnownFileType = "compiled.mach-o.dylib"; name = libz.dylib; path = usr/lib/libz.dylib; sourceTree = SDKROOT; };
		AB896A82193E8E830018B9EC /* SwiftStitch.app */ = {isa = PBXFileReference; explicitFileType = wrapper.application; includeInIndex = 0; path = SwiftStitch.app; sourceTree = BUILT_PRODUCTS_DIR; };
		AB896A86193E8E830018B9EC /* Info.plist */ = {isa = PBXFileReference; lastKnownFileType = text.plist.xml; path = Info.plist; sourceTree = "<group>"; };
		AB896A87193E8E830018B9EC /* AppDelegate.swift */ = {isa = PBXFileReference; lastKnownFileType = sourcecode.swift; path = AppDelegate.swift; sourceTree = "<group>"; };
		AB896A89193E8E830018B9EC /* SwViewController.swift */ = {isa = PBXFileReference; lastKnownFileType = sourcecode.swift; path = SwViewController.swift; sourceTree = "<group>"; };
		AB896A8C193E8E830018B9EC /* Base */ = {isa = PBXFileReference; lastKnownFileType = file.storyboard; name = Base; path = Base.lproj/Main.storyboard; sourceTree = "<group>"; };
		ABAA668B1BD420BE00BD6A45 /* UIImage+Rotate.h */ = {isa = PBXFileReference; fileEncoding = 4; lastKnownFileType = sourcecode.c.h; path = "UIImage+Rotate.h"; sourceTree = "<group>"; };
		ABAA668C1BD420BE00BD6A45 /* UIImage+Rotate.m */ = {isa = PBXFileReference; fileEncoding = 4; lastKnownFileType = sourcecode.c.objc; path = "UIImage+Rotate.m"; sourceTree = "<group>"; };
		D1ECCE9E3CCDF673CA4EE6E3 /* Pods-SwiftStitch.debug.xcconfig */ = {isa = PBXFileReference; includeInIndex = 1; lastKnownFileType = text.xcconfig; name = "Pods-SwiftStitch.debug.xcconfig"; path = "Pods/Target Support Files/Pods-SwiftStitch/Pods-SwiftStitch.debug.xcconfig"; sourceTree = "<group>"; };
/* End PBXFileReference section */

/* Begin PBXFrameworksBuildPhase section */
		AB896A7F193E8E830018B9EC /* Frameworks */ = {
			isa = PBXFrameworksBuildPhase;
			buildActionMask = 2147483647;
			files = (
				1AA4C68ACCADBD2C1C0AB68E /* Pods_SwiftStitch.framework in Frameworks */,
			);
			runOnlyForDeploymentPostprocessing = 0;
		};
/* End PBXFrameworksBuildPhase section */

/* Begin PBXGroup section */
		002C8377C374B37BE14F233E /* Pods */ = {
			isa = PBXGroup;
			children = (
				D1ECCE9E3CCDF673CA4EE6E3 /* Pods-SwiftStitch.debug.xcconfig */,
				64D97B5AA7E281F7F1AFE742 /* Pods-SwiftStitch.release.xcconfig */,
			);
			name = Pods;
			sourceTree = "<group>";
		};
		AB896A79193E8E830018B9EC = {
			isa = PBXGroup;
			children = (
				AB6D1AEE193F9B6600F8B0F5 /* README.markdown */,
				AB896A84193E8E830018B9EC /* SwiftStitch */,
				AB896A83193E8E830018B9EC /* Products */,
				EE5F212F31B24F2C835C369D /* Frameworks */,
				002C8377C374B37BE14F233E /* Pods */,
			);
			sourceTree = "<group>";
		};
		AB896A83193E8E830018B9EC /* Products */ = {
			isa = PBXGroup;
			children = (
				AB896A82193E8E830018B9EC /* SwiftStitch.app */,
			);
			name = Products;
			sourceTree = "<group>";
		};
		AB896A84193E8E830018B9EC /* SwiftStitch */ = {
			isa = PBXGroup;
			children = (
				ABAA668B1BD420BE00BD6A45 /* UIImage+Rotate.h */,
				ABAA668C1BD420BE00BD6A45 /* UIImage+Rotate.m */,
				AB7D8E78193E928E0059EE63 /* UIImage+OpenCV.h */,
				AB7D8E79193E928E0059EE63 /* UIImage+OpenCV.mm */,
				AB896A87193E8E830018B9EC /* AppDelegate.swift */,
				AB896A89193E8E830018B9EC /* SwViewController.swift */,
				AB896A8B193E8E830018B9EC /* Main.storyboard */,
				AB7D8E7B193E92B80059EE63 /* CVWrapper.h */,
				AB7D8E7C193E92B80059EE63 /* CVWrapper.mm */,
				18A5645C1DFA91E400652FEB /* partition.hpp */,
				18A5645B1DFA91E400652FEB /* partition.cpp */,
				18A5645E1DFC20CD00652FEB /* Images.xcassets */,
				AB896A85193E8E830018B9EC /* Supporting Files */,
				AB7D8E77193E928D0059EE63 /* SwiftStitch-Bridging-Header.h */,
			);
			path = SwiftStitch;
			sourceTree = "<group>";
		};
		AB896A85193E8E830018B9EC /* Supporting Files */ = {
			isa = PBXGroup;
			children = (
				AB896A86193E8E830018B9EC /* Info.plist */,
			);
			name = "Supporting Files";
			sourceTree = "<group>";
		};
		EE5F212F31B24F2C835C369D /* Frameworks */ = {
			isa = PBXGroup;
			children = (
				AB7D8E83193F33B40059EE63 /* libz.dylib */,
				4A2C9BDE1475690699F1660C /* Pods_SwiftStitch.framework */,
			);
			name = Frameworks;
			sourceTree = "<group>";
		};
/* End PBXGroup section */

/* Begin PBXNativeTarget section */
		AB896A81193E8E830018B9EC /* SwiftStitch */ = {
			isa = PBXNativeTarget;
			buildConfigurationList = AB896A9E193E8E830018B9EC /* Build configuration list for PBXNativeTarget "SwiftStitch" */;
			buildPhases = (
				86B528A40C58DAD0612A2648 /* [CP] Check Pods Manifest.lock */,
				AB896A7E193E8E830018B9EC /* Sources */,
				AB896A7F193E8E830018B9EC /* Frameworks */,
				AB896A80193E8E830018B9EC /* Resources */,
				11A0A2A441F8E965218069DB /* [CP] Embed Pods Frameworks */,
				9856FF64B0EA8D1B933FEF85 /* [CP] Copy Pods Resources */,
			);
			buildRules = (
			);
			dependencies = (
			);
			name = SwiftStitch;
			productName = SwiftStitch;
			productReference = AB896A82193E8E830018B9EC /* SwiftStitch.app */;
			productType = "com.apple.product-type.application";
		};
/* End PBXNativeTarget section */

/* Begin PBXProject section */
		AB896A7A193E8E830018B9EC /* Project object */ = {
			isa = PBXProject;
			attributes = {
				LastSwiftMigration = 0700;
				LastSwiftUpdateCheck = 0700;
				LastUpgradeCheck = 0800;
				ORGANIZATIONNAME = ellipsis.com;
				TargetAttributes = {
					AB896A81193E8E830018B9EC = {
						CreatedOnToolsVersion = 6.0;
						LastSwiftMigration = 0800;
					};
				};
			};
			buildConfigurationList = AB896A7D193E8E830018B9EC /* Build configuration list for PBXProject "SwiftStitch" */;
			compatibilityVersion = "Xcode 3.2";
			developmentRegion = English;
			hasScannedForEncodings = 0;
			knownRegions = (
				en,
				Base,
			);
			mainGroup = AB896A79193E8E830018B9EC;
			productRefGroup = AB896A83193E8E830018B9EC /* Products */;
			projectDirPath = "";
			projectRoot = "";
			targets = (
				AB896A81193E8E830018B9EC /* SwiftStitch */,
			);
		};
/* End PBXProject section */

/* Begin PBXResourcesBuildPhase section */
		AB896A80193E8E830018B9EC /* Resources */ = {
			isa = PBXResourcesBuildPhase;
			buildActionMask = 2147483647;
			files = (
				AB896A8D193E8E830018B9EC /* Main.storyboard in Resources */,
				18A5645F1DFC20CD00652FEB /* Images.xcassets in Resources */,
			);
			runOnlyForDeploymentPostprocessing = 0;
		};
/* End PBXResourcesBuildPhase section */

/* Begin PBXShellScriptBuildPhase section */
		11A0A2A441F8E965218069DB /* [CP] Embed Pods Frameworks */ = {
			isa = PBXShellScriptBuildPhase;
			buildActionMask = 2147483647;
			files = (
			);
			inputPaths = (
			);
			name = "[CP] Embed Pods Frameworks";
			outputPaths = (
			);
			runOnlyForDeploymentPostprocessing = 0;
			shellPath = /bin/sh;
			shellScript = "\"${SRCROOT}/Pods/Target Support Files/Pods-SwiftStitch/Pods-SwiftStitch-frameworks.sh\"\n";
			showEnvVarsInLog = 0;
		};
		86B528A40C58DAD0612A2648 /* [CP] Check Pods Manifest.lock */ = {
			isa = PBXShellScriptBuildPhase;
			buildActionMask = 2147483647;
			files = (
			);
			inputPaths = (
			);
			name = "[CP] Check Pods Manifest.lock";
			outputPaths = (
			);
			runOnlyForDeploymentPostprocessing = 0;
			shellPath = /bin/sh;
			shellScript = "diff \"${PODS_ROOT}/../Podfile.lock\" \"${PODS_ROOT}/Manifest.lock\" > /dev/null\nif [ $? != 0 ] ; then\n    # print error to STDERR\n    echo \"error: The sandbox is not in sync with the Podfile.lock. Run 'pod install' or update your CocoaPods installation.\" >&2\n    exit 1\nfi\n";
			showEnvVarsInLog = 0;
		};
		9856FF64B0EA8D1B933FEF85 /* [CP] Copy Pods Resources */ = {
			isa = PBXShellScriptBuildPhase;
			buildActionMask = 2147483647;
			files = (
			);
			inputPaths = (
			);
			name = "[CP] Copy Pods Resources";
			outputPaths = (
			);
			runOnlyForDeploymentPostprocessing = 0;
			shellPath = /bin/sh;
			shellScript = "\"${SRCROOT}/Pods/Target Support Files/Pods-SwiftStitch/Pods-SwiftStitch-resources.sh\"\n";
			showEnvVarsInLog = 0;
		};
/* End PBXShellScriptBuildPhase section */

/* Begin PBXSourcesBuildPhase section */
		AB896A7E193E8E830018B9EC /* Sources */ = {
			isa = PBXSourcesBuildPhase;
			buildActionMask = 2147483647;
			files = (
				AB896A8A193E8E830018B9EC /* SwViewController.swift in Sources */,
				ABAA668D1BD420BE00BD6A45 /* UIImage+Rotate.m in Sources */,
				18A5645D1DFA91E400652FEB /* partition.cpp in Sources */,
				AB7D8E7A193E928E0059EE63 /* UIImage+OpenCV.mm in Sources */,
				AB7D8E7D193E92B80059EE63 /* CVWrapper.mm in Sources */,
				AB896A88193E8E830018B9EC /* AppDelegate.swift in Sources */,
			);
			runOnlyForDeploymentPostprocessing = 0;
		};
/* End PBXSourcesBuildPhase section */

/* Begin PBXVariantGroup section */
		AB896A8B193E8E830018B9EC /* Main.storyboard */ = {
			isa = PBXVariantGroup;
			children = (
				AB896A8C193E8E830018B9EC /* Base */,
			);
			name = Main.storyboard;
			sourceTree = "<group>";
		};
/* End PBXVariantGroup section */

/* Begin XCBuildConfiguration section */
		AB896A9C193E8E830018B9EC /* Debug */ = {
			isa = XCBuildConfiguration;
			buildSettings = {
				ALWAYS_SEARCH_USER_PATHS = NO;
				CLANG_CXX_LANGUAGE_STANDARD = "gnu++0x";
				CLANG_CXX_LIBRARY = "libc++";
				CLANG_ENABLE_MODULES = YES;
				CLANG_ENABLE_OBJC_ARC = YES;
				CLANG_WARN_BOOL_CONVERSION = YES;
				CLANG_WARN_CONSTANT_CONVERSION = YES;
				CLANG_WARN_DIRECT_OBJC_ISA_USAGE = YES_ERROR;
				CLANG_WARN_EMPTY_BODY = YES;
				CLANG_WARN_ENUM_CONVERSION = YES;
				CLANG_WARN_INFINITE_RECURSION = YES;
				CLANG_WARN_INT_CONVERSION = YES;
				CLANG_WARN_OBJC_ROOT_CLASS = YES_ERROR;
				CLANG_WARN_SUSPICIOUS_MOVE = YES;
				CLANG_WARN_UNREACHABLE_CODE = YES;
				CLANG_WARN__DUPLICATE_METHOD_MATCH = YES;
				"CODE_SIGN_IDENTITY[sdk=iphoneos*]" = "iPhone Developer";
				COPY_PHASE_STRIP = NO;
				ENABLE_STRICT_OBJC_MSGSEND = YES;
				ENABLE_TESTABILITY = YES;
				GCC_C_LANGUAGE_STANDARD = gnu99;
				GCC_DYNAMIC_NO_PIC = NO;
				GCC_NO_COMMON_BLOCKS = YES;
				GCC_OPTIMIZATION_LEVEL = 0;
				GCC_PREPROCESSOR_DEFINITIONS = (
					"DEBUG=1",
					"$(inherited)",
				);
				GCC_SYMBOLS_PRIVATE_EXTERN = NO;
				GCC_WARN_64_TO_32_BIT_CONVERSION = YES;
				GCC_WARN_ABOUT_RETURN_TYPE = YES_ERROR;
				GCC_WARN_UNDECLARED_SELECTOR = YES;
				GCC_WARN_UNINITIALIZED_AUTOS = YES_AGGRESSIVE;
				GCC_WARN_UNUSED_FUNCTION = YES;
				GCC_WARN_UNUSED_VARIABLE = YES;
				IPHONEOS_DEPLOYMENT_TARGET = 8.0;
				METAL_ENABLE_DEBUG_INFO = YES;
				ONLY_ACTIVE_ARCH = YES;
				SDKROOT = iphoneos;
				SWIFT_OPTIMIZATION_LEVEL = "-Onone";
				TARGETED_DEVICE_FAMILY = "1,2";
			};
			name = Debug;
		};
		AB896A9D193E8E830018B9EC /* Release */ = {
			isa = XCBuildConfiguration;
			buildSettings = {
				ALWAYS_SEARCH_USER_PATHS = NO;
				CLANG_CXX_LANGUAGE_STANDARD = "gnu++0x";
				CLANG_CXX_LIBRARY = "libc++";
				CLANG_ENABLE_MODULES = YES;
				CLANG_ENABLE_OBJC_ARC = YES;
				CLANG_WARN_BOOL_CONVERSION = YES;
				CLANG_WARN_CONSTANT_CONVERSION = YES;
				CLANG_WARN_DIRECT_OBJC_ISA_USAGE = YES_ERROR;
				CLANG_WARN_EMPTY_BODY = YES;
				CLANG_WARN_ENUM_CONVERSION = YES;
				CLANG_WARN_INFINITE_RECURSION = YES;
				CLANG_WARN_INT_CONVERSION = YES;
				CLANG_WARN_OBJC_ROOT_CLASS = YES_ERROR;
				CLANG_WARN_SUSPICIOUS_MOVE = YES;
				CLANG_WARN_UNREACHABLE_CODE = YES;
				CLANG_WARN__DUPLICATE_METHOD_MATCH = YES;
				"CODE_SIGN_IDENTITY[sdk=iphoneos*]" = "iPhone Developer";
				COPY_PHASE_STRIP = YES;
				ENABLE_NS_ASSERTIONS = NO;
				ENABLE_STRICT_OBJC_MSGSEND = YES;
				GCC_C_LANGUAGE_STANDARD = gnu99;
				GCC_NO_COMMON_BLOCKS = YES;
				GCC_WARN_64_TO_32_BIT_CONVERSION = YES;
				GCC_WARN_ABOUT_RETURN_TYPE = YES_ERROR;
				GCC_WARN_UNDECLARED_SELECTOR = YES;
				GCC_WARN_UNINITIALIZED_AUTOS = YES_AGGRESSIVE;
				GCC_WARN_UNUSED_FUNCTION = YES;
				GCC_WARN_UNUSED_VARIABLE = YES;
				IPHONEOS_DEPLOYMENT_TARGET = 8.0;
				METAL_ENABLE_DEBUG_INFO = NO;
				SDKROOT = iphoneos;
				SWIFT_OPTIMIZATION_LEVEL = "-Owholemodule";
				TARGETED_DEVICE_FAMILY = "1,2";
				VALIDATE_PRODUCT = YES;
			};
			name = Release;
		};
		AB896A9F193E8E830018B9EC /* Debug */ = {
			isa = XCBuildConfiguration;
			baseConfigurationReference = D1ECCE9E3CCDF673CA4EE6E3 /* Pods-SwiftStitch.debug.xcconfig */;
			buildSettings = {
				ASSETCATALOG_COMPILER_APPICON_NAME = AppIcon;
				ASSETCATALOG_COMPILER_LAUNCHIMAGE_NAME = LaunchImage;
				CLANG_ENABLE_MODULES = YES;
				ENABLE_BITCODE = NO;
				INFOPLIST_FILE = SwiftStitch/Info.plist;
				IPHONEOS_DEPLOYMENT_TARGET = 8.0;
				LD_RUNPATH_SEARCH_PATHS = "$(inherited) @executable_path/Frameworks";
				PRODUCT_BUNDLE_IDENTIFIER = "com.ellipsis.${PRODUCT_NAME:rfc1034identifier}";
				PRODUCT_NAME = "$(TARGET_NAME)";
				SWIFT_OBJC_BRIDGING_HEADER = "SwiftStitch/SwiftStitch-Bridging-Header.h";
				SWIFT_OPTIMIZATION_LEVEL = "-Onone";
				SWIFT_VERSION = 3.0;
			};
			name = Debug;
		};
		AB896AA0193E8E830018B9EC /* Release */ = {
			isa = XCBuildConfiguration;
			baseConfigurationReference = 64D97B5AA7E281F7F1AFE742 /* Pods-SwiftStitch.release.xcconfig */;
			buildSettings = {
				ASSETCATALOG_COMPILER_APPICON_NAME = AppIcon;
				ASSETCATALOG_COMPILER_LAUNCHIMAGE_NAME = LaunchImage;
				CLANG_ENABLE_MODULES = YES;
				ENABLE_BITCODE = NO;
				INFOPLIST_FILE = SwiftStitch/Info.plist;
				IPHONEOS_DEPLOYMENT_TARGET = 8.0;
				LD_RUNPATH_SEARCH_PATHS = "$(inherited) @executable_path/Frameworks";
				PRODUCT_BUNDLE_IDENTIFIER = "com.ellipsis.${PRODUCT_NAME:rfc1034identifier}";
				PRODUCT_NAME = "$(TARGET_NAME)";
				SWIFT_OBJC_BRIDGING_HEADER = "SwiftStitch/SwiftStitch-Bridging-Header.h";
				SWIFT_VERSION = 3.0;
			};
			name = Release;
		};
/* End XCBuildConfiguration section */

/* Begin XCConfigurationList section */
		AB896A7D193E8E830018B9EC /* Build configuration list for PBXProject "SwiftStitch" */ = {
			isa = XCConfigurationList;
			buildConfigurations = (
				AB896A9C193E8E830018B9EC /* Debug */,
				AB896A9D193E8E830018B9EC /* Release */,
			);
			defaultConfigurationIsVisible = 0;
			defaultConfigurationName = Release;
		};
		AB896A9E193E8E830018B9EC /* Build configuration list for PBXNativeTarget "SwiftStitch" */ = {
			isa = XCConfigurationList;
			buildConfigurations = (
				AB896A9F193E8E830018B9EC /* Debug */,
				AB896AA0193E8E830018B9EC /* Release */,
			);
			defaultConfigurationIsVisible = 0;
			defaultConfigurationName = Release;
		};
/* End XCConfigurationList section */
	};
	rootObject = AB896A7A193E8E830018B9EC /* Project object */;
}
